
Microsoft Visual Studio Solution File, Format Version 12.00
Project("{FAE04EC0-301F-11D3-BF4B-00C04F79EFBC}") = "LibraryWebApi", "LibraryWebApi.csproj", "{CD8AD99B-3108-465A-8679-82DC221B16DB}"
EndProject
Global
	GlobalSection(SolutionConfigurationPlatforms) = preSolution
		Debug|Any CPU = Debug|Any CPU
		Release|Any CPU = Release|Any CPU
	EndGlobalSection
	GlobalSection(ProjectConfigurationPlatforms) = postSolution
		{CD8AD99B-3108-465A-8679-82DC221B16DB}.Debug|Any CPU.ActiveCfg = Debug|Any CPU
		{CD8AD99B-3108-465A-8679-82DC221B16DB}.Debug|Any CPU.Build.0 = Debug|Any CPU
		{CD8AD99B-3108-465A-8679-82DC221B16DB}.Release|Any CPU.ActiveCfg = Release|Any CPU
		{CD8AD99B-3108-465A-8679-82DC221B16DB}.Release|Any CPU.Build.0 = Release|Any CPU
	EndGlobalSection
EndGlobal
